
Microsoft Visual Studio Solution File, Format Version 12.00
# Visual Studio Version 17
VisualStudioVersion = 17.3.32901.215
MinimumVisualStudioVersion = 10.0.40219.1
Project("{9A19103F-16F7-4668-BE54-9A1E7A4F7556}") = "ConsoleApp1", "ConsoleApp1\ConsoleApp1.csproj", "{E9281E8B-D299-4A25-AF50-40C7F2CF27F8}"
EndProject
Project("{9A19103F-16F7-4668-BE54-9A1E7A4F7556}") = "ConsoleApp2", "ConsoleApp2\ConsoleApp2.csproj", "{C5342E90-188D-439A-A5D9-EC5512503296}"
EndProject
Project("{9A19103F-16F7-4668-BE54-9A1E7A4F7556}") = "ConsoleApp3", "ConsoleApp3\ConsoleApp3.csproj", "{8423583D-534F-4FC8-B18B-D3BA7A204148}"
EndProject
Project("{9A19103F-16F7-4668-BE54-9A1E7A4F7556}") = "ConsoleApp4", "ConsoleApp4\ConsoleApp4.csproj", "{9903A887-3AB9-455F-8C10-6AB7145E6D0A}"
EndProject
Project("{2150E333-8FDC-42A3-9474-1A3956D46DE8}") = "Solution Items", "Solution Items", "{C2EB98A9-09B7-4726-A06C-3931EA82D3F5}"
	ProjectSection(SolutionItems) = preProject
		.editorconfig = .editorconfig
	EndProjectSection
EndProject
Global
	GlobalSection(SolutionConfigurationPlatforms) = preSolution
		Debug|Any CPU = Debug|Any CPU
		Release|Any CPU = Release|Any CPU
	EndGlobalSection
	GlobalSection(ProjectConfigurationPlatforms) = postSolution
		{E9281E8B-D299-4A25-AF50-40C7F2CF27F8}.Debug|Any CPU.ActiveCfg = Debug|Any CPU
		{E9281E8B-D299-4A25-AF50-40C7F2CF27F8}.Debug|Any CPU.Build.0 = Debug|Any CPU
		{E9281E8B-D299-4A25-AF50-40C7F2CF27F8}.Release|Any CPU.ActiveCfg = Release|Any CPU
		{E9281E8B-D299-4A25-AF50-40C7F2CF27F8}.Release|Any CPU.Build.0 = Release|Any CPU
		{C5342E90-188D-439A-A5D9-EC5512503296}.Debug|Any CPU.ActiveCfg = Debug|Any CPU
		{C5342E90-188D-439A-A5D9-EC5512503296}.Debug|Any CPU.Build.0 = Debug|Any CPU
		{C5342E90-188D-439A-A5D9-EC5512503296}.Release|Any CPU.ActiveCfg = Release|Any CPU
		{C5342E90-188D-439A-A5D9-EC5512503296}.Release|Any CPU.Build.0 = Release|Any CPU
		{8423583D-534F-4FC8-B18B-D3BA7A204148}.Debug|Any CPU.ActiveCfg = Debug|Any CPU
		{8423583D-534F-4FC8-B18B-D3BA7A204148}.Debug|Any CPU.Build.0 = Debug|Any CPU
		{8423583D-534F-4FC8-B18B-D3BA7A204148}.Release|Any CPU.ActiveCfg = Release|Any CPU
		{8423583D-534F-4FC8-B18B-D3BA7A204148}.Release|Any CPU.Build.0 = Release|Any CPU
		{9903A887-3AB9-455F-8C10-6AB7145E6D0A}.Debug|Any CPU.ActiveCfg = Debug|Any CPU
		{9903A887-3AB9-455F-8C10-6AB7145E6D0A}.Debug|Any CPU.Build.0 = Debug|Any CPU
		{9903A887-3AB9-455F-8C10-6AB7145E6D0A}.Release|Any CPU.ActiveCfg = Release|Any CPU
		{9903A887-3AB9-455F-8C10-6AB7145E6D0A}.Release|Any CPU.Build.0 = Release|Any CPU
	EndGlobalSection
	GlobalSection(SolutionProperties) = preSolution
		HideSolutionNode = FALSE
	EndGlobalSection
	GlobalSection(ExtensibilityGlobals) = postSolution
		SolutionGuid = {FDCBF52C-181C-497B-8FAC-1E2A1BEBE1D4}
	EndGlobalSection
EndGlobal
